{
	"name": "npm-proj-1703051353364-0.902137808571815S9uqCh",
	"lockfileVersion": 1,
	"requires": true,
	"dependencies": {
		"@firebase/app": {
			"version": "0.1.10",
			"resolved": "https://registry.npmjs.org/@firebase/app/-/app-0.1.10.tgz",
			"integrity": "sha512-2GTXt3b2QZXkmx6/5nNJq+pEN/VTjAG55MFJS1WMoLVZkwKuNpWNk65QVyPaoL88x1iHtuLqAMFgJUOnhOg+Pw==",
			"requires": {
				"@firebase/app-types": "0.1.2",
				"@firebase/util": "0.1.10",
				"tslib": "^1.9.0"
			}
		},
		"@firebase/app-types": {
			"version": "0.1.2",
			"resolved": "https://registry.npmjs.org/@firebase/app-types/-/app-types-0.1.2.tgz",
			"integrity": "sha512-bCIZGeMtP0ibrXNNaU214/1tRNw0jHnir/cfiAao1gjUyIS7RzOTQoH+zbwPJNEwUqJ0T3ykw/Tv4/khGqbVBg=="
		},
		"@firebase/auth": {
			"version": "0.1.1",
			"resolved": "https://registry.npmjs.org/@firebase/auth/-/auth-0.1.1.tgz",
			"integrity": "sha512-bXytmXLUQBCSwOF+cpwDTMHAknFTnqxrnlqLaRpe43WM0YqHBBoJplSE6/JiNCPOr8Tn+TRLek/E2buqj4m7iA=="
		},
		"@firebase/database": {
			"version": "0.1.11",
			"resolved": "https://registry.npmjs.org/@firebase/database/-/database-0.1.11.tgz",
			"integrity": "sha512-1TX8YlL3BCjgsbe1qvgg/r0SxOvIlJdmaktXXm6fnaPCjSD0Vhm5ln2EX3xGY97ft/Lruy9AA/7TfnAKIYA/+w==",
			"requires": {
				"@firebase/database-types": "0.1.2",
				"@firebase/util": "0.1.10",
				"faye-websocket": "0.11.1",
				"tslib": "^1.9.0"
			}
		},
		"@firebase/database-types": {
			"version": "0.1.2",
			"resolved": "https://registry.npmjs.org/@firebase/database-types/-/database-types-0.1.2.tgz",
			"integrity": "sha512-WDqyclInvbD6qNtbVlatzXW6SpsV8V1Nz7DaTM8z27CwxRtXakAXxERPnGipA0ZbZV4v+Xs1+6wC7Xc6T4EVaw=="
		},
		"@firebase/firestore": {
			"version": "0.1.4",
			"resolved": "https://registry.npmjs.org/@firebase/firestore/-/firestore-0.1.4.tgz",
			"integrity": "sha512-ltt3zvvZ6LE37oIfVm0zeNA0DPo75YKWkfIyEbFlXDWkeNIt3lunhB4L777weUzZOmcZhX8T6pHx6xZM+ysDkA==",
			"requires": {
				"@firebase/webchannel-wrapper": "^0.2.4"
			}
		},
		"@firebase/messaging": {
			"version": "0.1.9",
			"resolved": "https://registry.npmjs.org/@firebase/messaging/-/messaging-0.1.9.tgz",
			"integrity": "sha512-fJ8heEhz4Cdbyx1DeZQzNPEAlxrSsFlGKAR4zK7vpwv3cTCgufbsK1jCCLdVonYWF/Jv6G61r3kJyVF02OuW1A==",
			"requires": {
				"@firebase/messaging-types": "0.1.1",
				"@firebase/util": "0.1.8"
			},
			"dependencies": {
				"@firebase/util": {
					"version": "0.1.8",
					"resolved": "https://registry.npmjs.org/@firebase/util/-/util-0.1.8.tgz",
					"integrity": "sha512-SfWLSfp1MXb5ItG3wGfdxxIDzFMcjq2E0iz9C7sstzD3mJ8/q55Sd8esAL3VQx5jD/hbfKUypsBczr5A0ML7Tw=="
				}
			}
		},
		"@firebase/messaging-types": {
			"version": "0.1.1",
			"resolved": "https://registry.npmjs.org/@firebase/messaging-types/-/messaging-types-0.1.1.tgz",
			"integrity": "sha512-MDAB2Il/HhhQnlYvfvqbd7SYFk30wWSLehcp+8LEdRGn1mctQJHQUT3Y1gRChUFbA4a94enGfR5NPOBKbTMbkA=="
		},
		"@firebase/polyfill": {
			"version": "0.1.6",
			"resolved": "https://registry.npmjs.org/@firebase/polyfill/-/polyfill-0.1.6.tgz",
			"integrity": "sha512-O58NFa/x+8peu6zZUAFKAZildlOTStIPtDClPKOeX8OIS20OH+JbMalTZ6pKqUqRbGGA52/6Ta8epgvN99+HRA==",
			"requires": {
				"promise-polyfill": "^7.1.0",
				"tslib": "^1.9.0"
			}
		},
		"@firebase/storage": {
			"version": "0.1.9",
			"resolved": "https://registry.npmjs.org/@firebase/storage/-/storage-0.1.9.tgz",
			"integrity": "sha512-CrlreoXIlWNAAHnOAlP0KpZ2aM8s4QFOcrIhBE3f7vE6h30TuBuhFFra4slUykCuUflyVjBYlea6ph0fJsJr0w==",
			"requires": {
				"@firebase/storage-types": "0.1.3",
				"tslib": "1.9.0"
			},
			"dependencies": {
				"tslib": {
					"version": "1.9.0",
					"resolved": "https://registry.npmjs.org/tslib/-/tslib-1.9.0.tgz",
					"integrity": "sha512-f/qGG2tUkrISBlQZEjEqoZ3B2+npJjIf04H1wuAv9iA8i04Icp+61KRXxFdha22670NJopsZCIjhC3SnjPRKrQ=="
				}
			}
		},
		"@firebase/storage-types": {
			"version": "0.1.3",
			"resolved": "https://registry.npmjs.org/@firebase/storage-types/-/storage-types-0.1.3.tgz",
			"integrity": "sha512-xM939ObH7MLDhhrEi/UyEDj87b3AGypGp5YPpEOwvtL2KpF7VQf7g715LoaWmhGd4+e1MHFMCktQbejkpkj63A=="
		},
		"@firebase/util": {
			"version": "0.1.10",
			"resolved": "https://registry.npmjs.org/@firebase/util/-/util-0.1.10.tgz",
			"integrity": "sha512-XEogRfUQBZ4T37TMq/3ZbuiTdRAKX8hF3TgJglUZNCJf/6QnQ+jlupCuMAXBqCGfw2Mw0m2matoCUBWpsyevOA==",
			"requires": {
				"tslib": "^1.9.0"
			}
		},
		"@firebase/webchannel-wrapper": {
			"version": "0.2.41",
			"resolved": "https://registry.npmjs.org/@firebase/webchannel-wrapper/-/webchannel-wrapper-0.2.41.tgz",
			"integrity": "sha512-XcdMT5PSZHiuf7LJIhzKIe+RyYa25S3LHRRvLnZc6iFjwXkrSDJ8J/HWO6VT8d2ZTbawp3VcLEjRF/VN8glCrA=="
		},
		"faye-websocket": {
			"version": "0.11.1",
			"resolved": "https://registry.npmjs.org/faye-websocket/-/faye-websocket-0.11.1.tgz",
			"integrity": "sha512-UfAKYOloAKPtWgu0YZtyRR0y1XQmZq2vZ0piJVMnJLfDctlqx2oIX4qoZDsiP7phmVpZ7gpqIwh1k2vfbbZBsg==",
			"requires": {
				"websocket-driver": ">=0.5.1"
			}
		},
		"firebase": {
			"version": "4.5.2",
			"resolved": "https://registry.npmjs.org/firebase/-/firebase-4.5.2.tgz",
			"integrity": "sha512-s01ptWmFP8Rl5firQlUBX2rWN6/GA2+/i1jmCOFAjyvY+q6rbBp58emGATfKx3sHSS5rZWq/ttc5Ka4VuxBB/Q==",
			"requires": {
				"@firebase/app": "^0.1.1",
				"@firebase/auth": "^0.1.1",
				"@firebase/database": "^0.1.1",
				"@firebase/firestore": "^0.1.1",
				"@firebase/messaging": "^0.1.1",
				"@firebase/polyfill": "^0.1.1",
				"@firebase/storage": "^0.1.1",
				"dom-storage": "^2.0.2",
				"xmlhttprequest": "^1.8.0"
			},
			"dependencies": {
				"dom-storage": {
					"version": "2.0.2",
					"resolved": "https://registry.npmjs.org/dom-storage/-/dom-storage-2.0.2.tgz",
					"integrity": "sha1-7RfL9oq9EOCu+BgnE+KXxeS1ALA="
				},
				"xmlhttprequest": {
					"version": "1.8.0",
					"resolved": "https://registry.npmjs.org/xmlhttprequest/-/xmlhttprequest-1.8.0.tgz",
					"integrity": "sha1-Z/4HXFwk/vOfnWX197f+dRcZaPw="
				}
			}
		},
		"http-parser-js": {
			"version": "0.5.8",
			"resolved": "https://registry.npmjs.org/http-parser-js/-/http-parser-js-0.5.8.tgz",
			"integrity": "sha512-SGeBX54F94Wgu5RH3X5jsDtf4eHyRogWX1XGT3b4HuW3tQPM4AaBzoUji/4AAJNXCEOWZ5O0DgZmJw1947gD5Q=="
		},
		"promise-polyfill": {
			"version": "7.1.2",
			"resolved": "https://registry.npmjs.org/promise-polyfill/-/promise-polyfill-7.1.2.tgz",
			"integrity": "sha512-FuEc12/eKqqoRYIGBrUptCBRhobL19PS2U31vMNTfyck1FxPyMfgsXyW4Mav85y/ZN1hop3hOwRlUDok23oYfQ=="
		},
		"safe-buffer": {
			"version": "5.2.1",
			"resolved": "https://registry.npmjs.org/safe-buffer/-/safe-buffer-5.2.1.tgz",
			"integrity": "sha512-rp3So07KcdmmKbGvgaNxQSJr7bGVSVk5S9Eq1F+ppbRo70+YeaDxkw5Dd8NPN+GD6bjnYm2VuPuCXmpuYvmCXQ=="
		},
		"tslib": {
			"version": "1.14.1",
			"resolved": "https://registry.npmjs.org/tslib/-/tslib-1.14.1.tgz",
			"integrity": "sha512-Xni35NKzjgMrwevysHTCArtLDpPvye8zV/0E4EyYn43P7/7qvQwPh9BGkHewbMulVntbigmcT7rdX3BNo9wRJg=="
		},
		"websocket-driver": {
			"version": "0.7.4",
			"resolved": "https://registry.npmjs.org/websocket-driver/-/websocket-driver-0.7.4.tgz",
			"integrity": "sha512-b17KeDIQVjvb0ssuSDF2cYXSg2iztliJ4B9WdsuB6J952qCPKmnVq4DyW5motImXHDC1cBT/1UezrJVsKw5zjg==",
			"requires": {
				"http-parser-js": ">=0.5.1",
				"safe-buffer": ">=5.1.0",
				"websocket-extensions": ">=0.1.1"
			}
		},
		"websocket-extensions": {
			"version": "0.1.4",
			"resolved": "https://registry.npmjs.org/websocket-extensions/-/websocket-extensions-0.1.4.tgz",
			"integrity": "sha512-OqedPIGOfsDlo31UNwYbCFMSaO9m9G/0faIHj5/dZFDMFqPTcx6UwqyOy3COEaEOg/9VsGIpdqn62W5KhoKSpg=="
		}
	}
}
